
Microsoft Visual Studio Solution File, Format Version 12.00
# Visual Studio 14
VisualStudioVersion = 14.0.25420.1
MinimumVisualStudioVersion = 10.0.40219.1
Project("{FAE04EC0-301F-11D3-BF4B-00C04F79EFBC}") = "01_FillTheMatrix", "01_FillTheMatrix\01_FillTheMatrix.csproj", "{89EE64BA-B62E-465B-B41E-280F0FBF9774}"
EndProject
Project("{FAE04EC0-301F-11D3-BF4B-00C04F79EFBC}") = "02_MaximalSum", "02_MaximalSum\02_MaximalSum.csproj", "{D19D39AE-07D2-4963-BDC9-E9BCEC98252D}"
EndProject
Project("{FAE04EC0-301F-11D3-BF4B-00C04F79EFBC}") = "03_SequenceInMatrix", "03_SequenceInMatrix\03_SequenceInMatrix.csproj", "{C63FD7ED-022A-4091-B182-0B147F9093DA}"
EndProject
Project("{FAE04EC0-301F-11D3-BF4B-00C04F79EFBC}") = "07_LargestAreaInMatrix", "07_LargestAreaInMatrix\07_LargestAreaInMatrix.csproj", "{FC7BFEC3-054B-4908-8EC2-32BEBA636BED}"
EndProject
Project("{FAE04EC0-301F-11D3-BF4B-00C04F79EFBC}") = "04_BinarySearch", "04_BinarySearch\04_BinarySearch.csproj", "{27DDA9CC-A083-470A-A4AE-F07C92EE2528}"
EndProject
Global
	GlobalSection(SolutionConfigurationPlatforms) = preSolution
		Debug|Any CPU = Debug|Any CPU
		Release|Any CPU = Release|Any CPU
	EndGlobalSection
	GlobalSection(ProjectConfigurationPlatforms) = postSolution
		{89EE64BA-B62E-465B-B41E-280F0FBF9774}.Debug|Any CPU.ActiveCfg = Debug|Any CPU
		{89EE64BA-B62E-465B-B41E-280F0FBF9774}.Debug|Any CPU.Build.0 = Debug|Any CPU
		{89EE64BA-B62E-465B-B41E-280F0FBF9774}.Release|Any CPU.ActiveCfg = Release|Any CPU
		{89EE64BA-B62E-465B-B41E-280F0FBF9774}.Release|Any CPU.Build.0 = Release|Any CPU
		{D19D39AE-07D2-4963-BDC9-E9BCEC98252D}.Debug|Any CPU.ActiveCfg = Debug|Any CPU
		{D19D39AE-07D2-4963-BDC9-E9BCEC98252D}.Debug|Any CPU.Build.0 = Debug|Any CPU
		{D19D39AE-07D2-4963-BDC9-E9BCEC98252D}.Release|Any CPU.ActiveCfg = Release|Any CPU
		{D19D39AE-07D2-4963-BDC9-E9BCEC98252D}.Release|Any CPU.Build.0 = Release|Any CPU
		{C63FD7ED-022A-4091-B182-0B147F9093DA}.Debug|Any CPU.ActiveCfg = Debug|Any CPU
		{C63FD7ED-022A-4091-B182-0B147F9093DA}.Debug|Any CPU.Build.0 = Debug|Any CPU
		{C63FD7ED-022A-4091-B182-0B147F9093DA}.Release|Any CPU.ActiveCfg = Release|Any CPU
		{C63FD7ED-022A-4091-B182-0B147F9093DA}.Release|Any CPU.Build.0 = Release|Any CPU
		{FC7BFEC3-054B-4908-8EC2-32BEBA636BED}.Debug|Any CPU.ActiveCfg = Debug|Any CPU
		{FC7BFEC3-054B-4908-8EC2-32BEBA636BED}.Debug|Any CPU.Build.0 = Debug|Any CPU
		{FC7BFEC3-054B-4908-8EC2-32BEBA636BED}.Release|Any CPU.ActiveCfg = Release|Any CPU
		{FC7BFEC3-054B-4908-8EC2-32BEBA636BED}.Release|Any CPU.Build.0 = Release|Any CPU
		{27DDA9CC-A083-470A-A4AE-F07C92EE2528}.Debug|Any CPU.ActiveCfg = Debug|Any CPU
		{27DDA9CC-A083-470A-A4AE-F07C92EE2528}.Debug|Any CPU.Build.0 = Debug|Any CPU
		{27DDA9CC-A083-470A-A4AE-F07C92EE2528}.Release|Any CPU.ActiveCfg = Release|Any CPU
		{27DDA9CC-A083-470A-A4AE-F07C92EE2528}.Release|Any CPU.Build.0 = Release|Any CPU
	EndGlobalSection
	GlobalSection(SolutionProperties) = preSolution
		HideSolutionNode = FALSE
	EndGlobalSection
EndGlobal
