
Microsoft Visual Studio Solution File, Format Version 12.00
# Visual Studio 14
VisualStudioVersion = 14.0.25420.1
MinimumVisualStudioVersion = 10.0.40219.1
Project("{FAE04EC0-301F-11D3-BF4B-00C04F79EFBC}") = "01_DecimalToBinary", "01_DecimalToBinary\01_DecimalToBinary.csproj", "{2E174CD4-F38C-471F-A77C-580F39405E15}"
EndProject
Project("{FAE04EC0-301F-11D3-BF4B-00C04F79EFBC}") = "02_BinaryToDecimal", "02_BinaryToDecimal\02_BinaryToDecimal.csproj", "{5A7210E6-AA88-42C7-8247-6AF463BAE429}"
EndProject
Project("{FAE04EC0-301F-11D3-BF4B-00C04F79EFBC}") = "03_DecimalToHexadecimal", "03_DecimalToHexadecimal\03_DecimalToHexadecimal.csproj", "{FA47D86C-9E4E-4517-B1A6-370AD6A4A674}"
EndProject
Project("{FAE04EC0-301F-11D3-BF4B-00C04F79EFBC}") = "04_HexadecimalToDecimal", "04_HexadecimalToDecimal\04_HexadecimalToDecimal.csproj", "{B78A908C-D55C-4FD2-86E6-73C7ED999061}"
EndProject
Project("{FAE04EC0-301F-11D3-BF4B-00C04F79EFBC}") = "05_HexadecimalToBinary", "05_HexadecimalToBinary\05_HexadecimalToBinary.csproj", "{F8AF5FED-D1B0-48DF-B184-FC385818FBDB}"
EndProject
Project("{FAE04EC0-301F-11D3-BF4B-00C04F79EFBC}") = "06_BinaryToHex", "06_BinaryToHex\06_BinaryToHex.csproj", "{FEA79938-49E1-4A0F-87E5-333F606F4970}"
EndProject
Global
	GlobalSection(SolutionConfigurationPlatforms) = preSolution
		Debug|Any CPU = Debug|Any CPU
		Release|Any CPU = Release|Any CPU
	EndGlobalSection
	GlobalSection(ProjectConfigurationPlatforms) = postSolution
		{2E174CD4-F38C-471F-A77C-580F39405E15}.Debug|Any CPU.ActiveCfg = Debug|Any CPU
		{2E174CD4-F38C-471F-A77C-580F39405E15}.Debug|Any CPU.Build.0 = Debug|Any CPU
		{2E174CD4-F38C-471F-A77C-580F39405E15}.Release|Any CPU.ActiveCfg = Release|Any CPU
		{2E174CD4-F38C-471F-A77C-580F39405E15}.Release|Any CPU.Build.0 = Release|Any CPU
		{5A7210E6-AA88-42C7-8247-6AF463BAE429}.Debug|Any CPU.ActiveCfg = Debug|Any CPU
		{5A7210E6-AA88-42C7-8247-6AF463BAE429}.Debug|Any CPU.Build.0 = Debug|Any CPU
		{5A7210E6-AA88-42C7-8247-6AF463BAE429}.Release|Any CPU.ActiveCfg = Release|Any CPU
		{5A7210E6-AA88-42C7-8247-6AF463BAE429}.Release|Any CPU.Build.0 = Release|Any CPU
		{FA47D86C-9E4E-4517-B1A6-370AD6A4A674}.Debug|Any CPU.ActiveCfg = Debug|Any CPU
		{FA47D86C-9E4E-4517-B1A6-370AD6A4A674}.Debug|Any CPU.Build.0 = Debug|Any CPU
		{FA47D86C-9E4E-4517-B1A6-370AD6A4A674}.Release|Any CPU.ActiveCfg = Release|Any CPU
		{FA47D86C-9E4E-4517-B1A6-370AD6A4A674}.Release|Any CPU.Build.0 = Release|Any CPU
		{B78A908C-D55C-4FD2-86E6-73C7ED999061}.Debug|Any CPU.ActiveCfg = Debug|Any CPU
		{B78A908C-D55C-4FD2-86E6-73C7ED999061}.Debug|Any CPU.Build.0 = Debug|Any CPU
		{B78A908C-D55C-4FD2-86E6-73C7ED999061}.Release|Any CPU.ActiveCfg = Release|Any CPU
		{B78A908C-D55C-4FD2-86E6-73C7ED999061}.Release|Any CPU.Build.0 = Release|Any CPU
		{F8AF5FED-D1B0-48DF-B184-FC385818FBDB}.Debug|Any CPU.ActiveCfg = Debug|Any CPU
		{F8AF5FED-D1B0-48DF-B184-FC385818FBDB}.Debug|Any CPU.Build.0 = Debug|Any CPU
		{F8AF5FED-D1B0-48DF-B184-FC385818FBDB}.Release|Any CPU.ActiveCfg = Release|Any CPU
		{F8AF5FED-D1B0-48DF-B184-FC385818FBDB}.Release|Any CPU.Build.0 = Release|Any CPU
		{FEA79938-49E1-4A0F-87E5-333F606F4970}.Debug|Any CPU.ActiveCfg = Debug|Any CPU
		{FEA79938-49E1-4A0F-87E5-333F606F4970}.Debug|Any CPU.Build.0 = Debug|Any CPU
		{FEA79938-49E1-4A0F-87E5-333F606F4970}.Release|Any CPU.ActiveCfg = Release|Any CPU
		{FEA79938-49E1-4A0F-87E5-333F606F4970}.Release|Any CPU.Build.0 = Release|Any CPU
	EndGlobalSection
	GlobalSection(SolutionProperties) = preSolution
		HideSolutionNode = FALSE
	EndGlobalSection
EndGlobal
