
Microsoft Visual Studio Solution File, Format Version 12.00
# Visual Studio 14
VisualStudioVersion = 14.0.25420.1
MinimumVisualStudioVersion = 10.0.40219.1
Project("{FAE04EC0-301F-11D3-BF4B-00C04F79EFBC}") = "01_ReverseString", "01_ReverseString\01_ReverseString.csproj", "{36531AFE-6F97-46ED-A3A3-8F78A95EA665}"
EndProject
Project("{FAE04EC0-301F-11D3-BF4B-00C04F79EFBC}") = "02_CorrectBrackets", "02_CorrectBrackets\02_CorrectBrackets.csproj", "{F3E5A199-3F70-4052-9046-78C66B5B9956}"
EndProject
Project("{FAE04EC0-301F-11D3-BF4B-00C04F79EFBC}") = "03_SubstringInText", "03_SubstringInText\03_SubstringInText.csproj", "{2B9E9AA2-2A4F-46DA-8FD8-23EE68B1F561}"
EndProject
Project("{FAE04EC0-301F-11D3-BF4B-00C04F79EFBC}") = "04_ParseTags", "04_ParseTags\04_ParseTags.csproj", "{20139482-2379-4063-8C4E-0C931411550C}"
EndProject
Project("{FAE04EC0-301F-11D3-BF4B-00C04F79EFBC}") = "05_StringLength", "05_StringLength\05_StringLength.csproj", "{E4B508AA-B5A3-4827-B357-B7159AEBAF3C}"
EndProject
Project("{FAE04EC0-301F-11D3-BF4B-00C04F79EFBC}") = "06_EncodeAndDecode", "06_EncodeAndDecode\06_EncodeAndDecode.csproj", "{A98E74DB-BC70-4A96-92AE-26A05893AE49}"
EndProject
Project("{FAE04EC0-301F-11D3-BF4B-00C04F79EFBC}") = "07_ExtractSentences", "07_ExtractSentences\07_ExtractSentences.csproj", "{C897FEF1-1D90-4304-AFD9-0F47AE4688A0}"
EndProject
Project("{FAE04EC0-301F-11D3-BF4B-00C04F79EFBC}") = "09_UnicodeCharacters", "09_UnicodeCharacters\09_UnicodeCharacters.csproj", "{925B81BB-C061-4E7D-AAE7-A4D5AB2DA9D9}"
EndProject
Project("{FAE04EC0-301F-11D3-BF4B-00C04F79EFBC}") = "11_ParseURL", "11_ParseURL\11_ParseURL.csproj", "{59E1A512-57AF-40EF-B203-DB2C8CDD6A1C}"
EndProject
Project("{FAE04EC0-301F-11D3-BF4B-00C04F79EFBC}") = "14_ReplaceTags", "14_ReplaceTags\14_ReplaceTags.csproj", "{B481E962-1853-44EB-B4A9-281DD1D722E3}"
EndProject
Project("{FAE04EC0-301F-11D3-BF4B-00C04F79EFBC}") = "22_SeriesOfLetters", "22_SeriesOfLetters\22_SeriesOfLetters.csproj", "{3BA66DDC-BB40-44AA-B8A9-D3B5E117824F}"
EndProject
Project("{FAE04EC0-301F-11D3-BF4B-00C04F79EFBC}") = "08_ForbiddenWords", "08_ForbiddenWords\08_ForbiddenWords.csproj", "{C1E22526-CDD6-405C-8DE7-532A4A862588}"
EndProject
Project("{FAE04EC0-301F-11D3-BF4B-00C04F79EFBC}") = "10_FormatNumber", "10_FormatNumber\10_FormatNumber.csproj", "{1C719FDF-47AF-4123-9444-816165CBB39D}"
EndProject
Project("{FAE04EC0-301F-11D3-BF4B-00C04F79EFBC}") = "12_ReverseSentence", "12_ReverseSentence\12_ReverseSentence.csproj", "{EEB0B4BA-7F6D-4687-9DF9-2FC6111B923E}"
EndProject
Project("{FAE04EC0-301F-11D3-BF4B-00C04F79EFBC}") = "13_WordDictionary", "13_WordDictionary\13_WordDictionary.csproj", "{777EA495-284B-49F4-B902-457E3A041478}"
EndProject
Project("{FAE04EC0-301F-11D3-BF4B-00C04F79EFBC}") = "15_DateDifference", "15_DateDifference\15_DateDifference.csproj", "{3874C820-2CEE-479F-AC4D-85C8CDAF0D95}"
EndProject
Project("{FAE04EC0-301F-11D3-BF4B-00C04F79EFBC}") = "16_DateInBulgarian", "16_DateInBulgarian\16_DateInBulgarian.csproj", "{501EF731-5B66-4AF9-ABE6-A3626127E869}"
EndProject
Project("{FAE04EC0-301F-11D3-BF4B-00C04F79EFBC}") = "17_ExtractEmails", "17_ExtractEmails\17_ExtractEmails.csproj", "{46F69D28-6D05-4D96-9287-8E05FC2A6A14}"
EndProject
Project("{FAE04EC0-301F-11D3-BF4B-00C04F79EFBC}") = "18_DatesFromTextInCanada", "18_DatesFromTextInCanada\18_DatesFromTextInCanada.csproj", "{BFEA814A-1B78-4CBF-BDE3-F61F3E94A5D7}"
EndProject
Project("{FAE04EC0-301F-11D3-BF4B-00C04F79EFBC}") = "19_Palindromes", "19_Palindromes\19_Palindromes.csproj", "{73BD3B46-BAAA-4350-9B3B-0EC09B67E231}"
EndProject
Global
	GlobalSection(SolutionConfigurationPlatforms) = preSolution
		Debug|Any CPU = Debug|Any CPU
		Release|Any CPU = Release|Any CPU
	EndGlobalSection
	GlobalSection(ProjectConfigurationPlatforms) = postSolution
		{36531AFE-6F97-46ED-A3A3-8F78A95EA665}.Debug|Any CPU.ActiveCfg = Debug|Any CPU
		{36531AFE-6F97-46ED-A3A3-8F78A95EA665}.Debug|Any CPU.Build.0 = Debug|Any CPU
		{36531AFE-6F97-46ED-A3A3-8F78A95EA665}.Release|Any CPU.ActiveCfg = Release|Any CPU
		{36531AFE-6F97-46ED-A3A3-8F78A95EA665}.Release|Any CPU.Build.0 = Release|Any CPU
		{F3E5A199-3F70-4052-9046-78C66B5B9956}.Debug|Any CPU.ActiveCfg = Debug|Any CPU
		{F3E5A199-3F70-4052-9046-78C66B5B9956}.Debug|Any CPU.Build.0 = Debug|Any CPU
		{F3E5A199-3F70-4052-9046-78C66B5B9956}.Release|Any CPU.ActiveCfg = Release|Any CPU
		{F3E5A199-3F70-4052-9046-78C66B5B9956}.Release|Any CPU.Build.0 = Release|Any CPU
		{2B9E9AA2-2A4F-46DA-8FD8-23EE68B1F561}.Debug|Any CPU.ActiveCfg = Debug|Any CPU
		{2B9E9AA2-2A4F-46DA-8FD8-23EE68B1F561}.Debug|Any CPU.Build.0 = Debug|Any CPU
		{2B9E9AA2-2A4F-46DA-8FD8-23EE68B1F561}.Release|Any CPU.ActiveCfg = Release|Any CPU
		{2B9E9AA2-2A4F-46DA-8FD8-23EE68B1F561}.Release|Any CPU.Build.0 = Release|Any CPU
		{20139482-2379-4063-8C4E-0C931411550C}.Debug|Any CPU.ActiveCfg = Debug|Any CPU
		{20139482-2379-4063-8C4E-0C931411550C}.Debug|Any CPU.Build.0 = Debug|Any CPU
		{20139482-2379-4063-8C4E-0C931411550C}.Release|Any CPU.ActiveCfg = Release|Any CPU
		{20139482-2379-4063-8C4E-0C931411550C}.Release|Any CPU.Build.0 = Release|Any CPU
		{E4B508AA-B5A3-4827-B357-B7159AEBAF3C}.Debug|Any CPU.ActiveCfg = Debug|Any CPU
		{E4B508AA-B5A3-4827-B357-B7159AEBAF3C}.Debug|Any CPU.Build.0 = Debug|Any CPU
		{E4B508AA-B5A3-4827-B357-B7159AEBAF3C}.Release|Any CPU.ActiveCfg = Release|Any CPU
		{E4B508AA-B5A3-4827-B357-B7159AEBAF3C}.Release|Any CPU.Build.0 = Release|Any CPU
		{A98E74DB-BC70-4A96-92AE-26A05893AE49}.Debug|Any CPU.ActiveCfg = Debug|Any CPU
		{A98E74DB-BC70-4A96-92AE-26A05893AE49}.Debug|Any CPU.Build.0 = Debug|Any CPU
		{A98E74DB-BC70-4A96-92AE-26A05893AE49}.Release|Any CPU.ActiveCfg = Release|Any CPU
		{A98E74DB-BC70-4A96-92AE-26A05893AE49}.Release|Any CPU.Build.0 = Release|Any CPU
		{C897FEF1-1D90-4304-AFD9-0F47AE4688A0}.Debug|Any CPU.ActiveCfg = Debug|Any CPU
		{C897FEF1-1D90-4304-AFD9-0F47AE4688A0}.Debug|Any CPU.Build.0 = Debug|Any CPU
		{C897FEF1-1D90-4304-AFD9-0F47AE4688A0}.Release|Any CPU.ActiveCfg = Release|Any CPU
		{C897FEF1-1D90-4304-AFD9-0F47AE4688A0}.Release|Any CPU.Build.0 = Release|Any CPU
		{925B81BB-C061-4E7D-AAE7-A4D5AB2DA9D9}.Debug|Any CPU.ActiveCfg = Debug|Any CPU
		{925B81BB-C061-4E7D-AAE7-A4D5AB2DA9D9}.Debug|Any CPU.Build.0 = Debug|Any CPU
		{925B81BB-C061-4E7D-AAE7-A4D5AB2DA9D9}.Release|Any CPU.ActiveCfg = Release|Any CPU
		{925B81BB-C061-4E7D-AAE7-A4D5AB2DA9D9}.Release|Any CPU.Build.0 = Release|Any CPU
		{59E1A512-57AF-40EF-B203-DB2C8CDD6A1C}.Debug|Any CPU.ActiveCfg = Debug|Any CPU
		{59E1A512-57AF-40EF-B203-DB2C8CDD6A1C}.Debug|Any CPU.Build.0 = Debug|Any CPU
		{59E1A512-57AF-40EF-B203-DB2C8CDD6A1C}.Release|Any CPU.ActiveCfg = Release|Any CPU
		{59E1A512-57AF-40EF-B203-DB2C8CDD6A1C}.Release|Any CPU.Build.0 = Release|Any CPU
		{B481E962-1853-44EB-B4A9-281DD1D722E3}.Debug|Any CPU.ActiveCfg = Debug|Any CPU
		{B481E962-1853-44EB-B4A9-281DD1D722E3}.Debug|Any CPU.Build.0 = Debug|Any CPU
		{B481E962-1853-44EB-B4A9-281DD1D722E3}.Release|Any CPU.ActiveCfg = Release|Any CPU
		{B481E962-1853-44EB-B4A9-281DD1D722E3}.Release|Any CPU.Build.0 = Release|Any CPU
		{3BA66DDC-BB40-44AA-B8A9-D3B5E117824F}.Debug|Any CPU.ActiveCfg = Debug|Any CPU
		{3BA66DDC-BB40-44AA-B8A9-D3B5E117824F}.Debug|Any CPU.Build.0 = Debug|Any CPU
		{3BA66DDC-BB40-44AA-B8A9-D3B5E117824F}.Release|Any CPU.ActiveCfg = Release|Any CPU
		{3BA66DDC-BB40-44AA-B8A9-D3B5E117824F}.Release|Any CPU.Build.0 = Release|Any CPU
		{C1E22526-CDD6-405C-8DE7-532A4A862588}.Debug|Any CPU.ActiveCfg = Debug|Any CPU
		{C1E22526-CDD6-405C-8DE7-532A4A862588}.Debug|Any CPU.Build.0 = Debug|Any CPU
		{C1E22526-CDD6-405C-8DE7-532A4A862588}.Release|Any CPU.ActiveCfg = Release|Any CPU
		{C1E22526-CDD6-405C-8DE7-532A4A862588}.Release|Any CPU.Build.0 = Release|Any CPU
		{1C719FDF-47AF-4123-9444-816165CBB39D}.Debug|Any CPU.ActiveCfg = Debug|Any CPU
		{1C719FDF-47AF-4123-9444-816165CBB39D}.Debug|Any CPU.Build.0 = Debug|Any CPU
		{1C719FDF-47AF-4123-9444-816165CBB39D}.Release|Any CPU.ActiveCfg = Release|Any CPU
		{1C719FDF-47AF-4123-9444-816165CBB39D}.Release|Any CPU.Build.0 = Release|Any CPU
		{EEB0B4BA-7F6D-4687-9DF9-2FC6111B923E}.Debug|Any CPU.ActiveCfg = Debug|Any CPU
		{EEB0B4BA-7F6D-4687-9DF9-2FC6111B923E}.Debug|Any CPU.Build.0 = Debug|Any CPU
		{EEB0B4BA-7F6D-4687-9DF9-2FC6111B923E}.Release|Any CPU.ActiveCfg = Release|Any CPU
		{EEB0B4BA-7F6D-4687-9DF9-2FC6111B923E}.Release|Any CPU.Build.0 = Release|Any CPU
		{777EA495-284B-49F4-B902-457E3A041478}.Debug|Any CPU.ActiveCfg = Debug|Any CPU
		{777EA495-284B-49F4-B902-457E3A041478}.Debug|Any CPU.Build.0 = Debug|Any CPU
		{777EA495-284B-49F4-B902-457E3A041478}.Release|Any CPU.ActiveCfg = Release|Any CPU
		{777EA495-284B-49F4-B902-457E3A041478}.Release|Any CPU.Build.0 = Release|Any CPU
		{3874C820-2CEE-479F-AC4D-85C8CDAF0D95}.Debug|Any CPU.ActiveCfg = Debug|Any CPU
		{3874C820-2CEE-479F-AC4D-85C8CDAF0D95}.Debug|Any CPU.Build.0 = Debug|Any CPU
		{3874C820-2CEE-479F-AC4D-85C8CDAF0D95}.Release|Any CPU.ActiveCfg = Release|Any CPU
		{3874C820-2CEE-479F-AC4D-85C8CDAF0D95}.Release|Any CPU.Build.0 = Release|Any CPU
		{501EF731-5B66-4AF9-ABE6-A3626127E869}.Debug|Any CPU.ActiveCfg = Debug|Any CPU
		{501EF731-5B66-4AF9-ABE6-A3626127E869}.Debug|Any CPU.Build.0 = Debug|Any CPU
		{501EF731-5B66-4AF9-ABE6-A3626127E869}.Release|Any CPU.ActiveCfg = Release|Any CPU
		{501EF731-5B66-4AF9-ABE6-A3626127E869}.Release|Any CPU.Build.0 = Release|Any CPU
		{46F69D28-6D05-4D96-9287-8E05FC2A6A14}.Debug|Any CPU.ActiveCfg = Debug|Any CPU
		{46F69D28-6D05-4D96-9287-8E05FC2A6A14}.Debug|Any CPU.Build.0 = Debug|Any CPU
		{46F69D28-6D05-4D96-9287-8E05FC2A6A14}.Release|Any CPU.ActiveCfg = Release|Any CPU
		{46F69D28-6D05-4D96-9287-8E05FC2A6A14}.Release|Any CPU.Build.0 = Release|Any CPU
		{BFEA814A-1B78-4CBF-BDE3-F61F3E94A5D7}.Debug|Any CPU.ActiveCfg = Debug|Any CPU
		{BFEA814A-1B78-4CBF-BDE3-F61F3E94A5D7}.Debug|Any CPU.Build.0 = Debug|Any CPU
		{BFEA814A-1B78-4CBF-BDE3-F61F3E94A5D7}.Release|Any CPU.ActiveCfg = Release|Any CPU
		{BFEA814A-1B78-4CBF-BDE3-F61F3E94A5D7}.Release|Any CPU.Build.0 = Release|Any CPU
		{73BD3B46-BAAA-4350-9B3B-0EC09B67E231}.Debug|Any CPU.ActiveCfg = Debug|Any CPU
		{73BD3B46-BAAA-4350-9B3B-0EC09B67E231}.Debug|Any CPU.Build.0 = Debug|Any CPU
		{73BD3B46-BAAA-4350-9B3B-0EC09B67E231}.Release|Any CPU.ActiveCfg = Release|Any CPU
		{73BD3B46-BAAA-4350-9B3B-0EC09B67E231}.Release|Any CPU.Build.0 = Release|Any CPU
	EndGlobalSection
	GlobalSection(SolutionProperties) = preSolution
		HideSolutionNode = FALSE
	EndGlobalSection
EndGlobal
