
Microsoft Visual Studio Solution File, Format Version 12.00
# Visual Studio 14
VisualStudioVersion = 14.0.25420.1
MinimumVisualStudioVersion = 10.0.40219.1
Project("{FAE04EC0-301F-11D3-BF4B-00C04F79EFBC}") = "01_ReverseString", "01_ReverseString\01_ReverseString.csproj", "{36531AFE-6F97-46ED-A3A3-8F78A95EA665}"
EndProject
Project("{FAE04EC0-301F-11D3-BF4B-00C04F79EFBC}") = "02_CorrectBrackets", "02_CorrectBrackets\02_CorrectBrackets.csproj", "{F3E5A199-3F70-4052-9046-78C66B5B9956}"
EndProject
Global
	GlobalSection(SolutionConfigurationPlatforms) = preSolution
		Debug|Any CPU = Debug|Any CPU
		Release|Any CPU = Release|Any CPU
	EndGlobalSection
	GlobalSection(ProjectConfigurationPlatforms) = postSolution
		{36531AFE-6F97-46ED-A3A3-8F78A95EA665}.Debug|Any CPU.ActiveCfg = Debug|Any CPU
		{36531AFE-6F97-46ED-A3A3-8F78A95EA665}.Debug|Any CPU.Build.0 = Debug|Any CPU
		{36531AFE-6F97-46ED-A3A3-8F78A95EA665}.Release|Any CPU.ActiveCfg = Release|Any CPU
		{36531AFE-6F97-46ED-A3A3-8F78A95EA665}.Release|Any CPU.Build.0 = Release|Any CPU
		{F3E5A199-3F70-4052-9046-78C66B5B9956}.Debug|Any CPU.ActiveCfg = Debug|Any CPU
		{F3E5A199-3F70-4052-9046-78C66B5B9956}.Debug|Any CPU.Build.0 = Debug|Any CPU
		{F3E5A199-3F70-4052-9046-78C66B5B9956}.Release|Any CPU.ActiveCfg = Release|Any CPU
		{F3E5A199-3F70-4052-9046-78C66B5B9956}.Release|Any CPU.Build.0 = Release|Any CPU
	EndGlobalSection
	GlobalSection(SolutionProperties) = preSolution
		HideSolutionNode = FALSE
	EndGlobalSection
EndGlobal
