
Microsoft Visual Studio Solution File, Format Version 12.00
# Visual Studio 14
VisualStudioVersion = 14.0.25420.1
MinimumVisualStudioVersion = 10.0.40219.1
Project("{FAE04EC0-301F-11D3-BF4B-00C04F79EFBC}") = "01_OddLines", "01_OddLines\01_OddLines.csproj", "{8E9D8F88-6D3C-4EC6-B251-6C7E94139B52}"
EndProject
Project("{FAE04EC0-301F-11D3-BF4B-00C04F79EFBC}") = "02_ConcatenateTextFiles", "02_ConcatenateTextFiles\02_ConcatenateTextFiles.csproj", "{A93419B8-B446-4499-8E98-9D18B4CED43F}"
EndProject
Project("{FAE04EC0-301F-11D3-BF4B-00C04F79EFBC}") = "03_LineNumbers", "03_LineNumbers\03_LineNumbers.csproj", "{BFFD1EC0-5F64-4F0A-B18D-A1C7C5086297}"
EndProject
Project("{FAE04EC0-301F-11D3-BF4B-00C04F79EFBC}") = "04_CompareTextFiles", "04_CompareTextFiles\04_CompareTextFiles.csproj", "{430087CF-802B-4CEB-AB02-2024C08A4B5E}"
EndProject
Project("{FAE04EC0-301F-11D3-BF4B-00C04F79EFBC}") = "05_MaximalAreaSum", "05_MaximalAreaSum\05_MaximalAreaSum.csproj", "{CB2D04EA-1F66-4625-AE8C-E16DD9F4F3B5}"
EndProject
Project("{FAE04EC0-301F-11D3-BF4B-00C04F79EFBC}") = "06_SaveSortedNames", "06_SaveSortedNames\06_SaveSortedNames.csproj", "{C68D2AF0-56ED-4D11-98F6-027E9D070712}"
EndProject
Project("{FAE04EC0-301F-11D3-BF4B-00C04F79EFBC}") = "07_ReplaceSubstring", "07_ReplaceSubstring\07_ReplaceSubstring.csproj", "{3801B41D-B7FE-4759-AFD7-4FFBDC86F011}"
EndProject
Project("{FAE04EC0-301F-11D3-BF4B-00C04F79EFBC}") = "08_ReplaceWholeWord", "08_ReplaceWholeWord\08_ReplaceWholeWord.csproj", "{B6139601-E285-436E-8BA3-1998BBE37A98}"
EndProject
Project("{FAE04EC0-301F-11D3-BF4B-00C04F79EFBC}") = "09_DeleteOddLines", "09_DeleteOddLines\09_DeleteOddLines.csproj", "{CEA9B8BC-73E7-4262-B989-B030B22E3BDA}"
EndProject
Project("{FAE04EC0-301F-11D3-BF4B-00C04F79EFBC}") = "10_ExtractTextFromXML", "10_ExtractTextFromXML\10_ExtractTextFromXML.csproj", "{F9515923-19B9-45EA-B660-A31F37B401C9}"
EndProject
Global
	GlobalSection(SolutionConfigurationPlatforms) = preSolution
		Debug|Any CPU = Debug|Any CPU
		Release|Any CPU = Release|Any CPU
	EndGlobalSection
	GlobalSection(ProjectConfigurationPlatforms) = postSolution
		{8E9D8F88-6D3C-4EC6-B251-6C7E94139B52}.Debug|Any CPU.ActiveCfg = Debug|Any CPU
		{8E9D8F88-6D3C-4EC6-B251-6C7E94139B52}.Debug|Any CPU.Build.0 = Debug|Any CPU
		{8E9D8F88-6D3C-4EC6-B251-6C7E94139B52}.Release|Any CPU.ActiveCfg = Release|Any CPU
		{8E9D8F88-6D3C-4EC6-B251-6C7E94139B52}.Release|Any CPU.Build.0 = Release|Any CPU
		{A93419B8-B446-4499-8E98-9D18B4CED43F}.Debug|Any CPU.ActiveCfg = Debug|Any CPU
		{A93419B8-B446-4499-8E98-9D18B4CED43F}.Debug|Any CPU.Build.0 = Debug|Any CPU
		{A93419B8-B446-4499-8E98-9D18B4CED43F}.Release|Any CPU.ActiveCfg = Release|Any CPU
		{A93419B8-B446-4499-8E98-9D18B4CED43F}.Release|Any CPU.Build.0 = Release|Any CPU
		{BFFD1EC0-5F64-4F0A-B18D-A1C7C5086297}.Debug|Any CPU.ActiveCfg = Debug|Any CPU
		{BFFD1EC0-5F64-4F0A-B18D-A1C7C5086297}.Debug|Any CPU.Build.0 = Debug|Any CPU
		{BFFD1EC0-5F64-4F0A-B18D-A1C7C5086297}.Release|Any CPU.ActiveCfg = Release|Any CPU
		{BFFD1EC0-5F64-4F0A-B18D-A1C7C5086297}.Release|Any CPU.Build.0 = Release|Any CPU
		{430087CF-802B-4CEB-AB02-2024C08A4B5E}.Debug|Any CPU.ActiveCfg = Debug|Any CPU
		{430087CF-802B-4CEB-AB02-2024C08A4B5E}.Debug|Any CPU.Build.0 = Debug|Any CPU
		{430087CF-802B-4CEB-AB02-2024C08A4B5E}.Release|Any CPU.ActiveCfg = Release|Any CPU
		{430087CF-802B-4CEB-AB02-2024C08A4B5E}.Release|Any CPU.Build.0 = Release|Any CPU
		{CB2D04EA-1F66-4625-AE8C-E16DD9F4F3B5}.Debug|Any CPU.ActiveCfg = Debug|Any CPU
		{CB2D04EA-1F66-4625-AE8C-E16DD9F4F3B5}.Debug|Any CPU.Build.0 = Debug|Any CPU
		{CB2D04EA-1F66-4625-AE8C-E16DD9F4F3B5}.Release|Any CPU.ActiveCfg = Release|Any CPU
		{CB2D04EA-1F66-4625-AE8C-E16DD9F4F3B5}.Release|Any CPU.Build.0 = Release|Any CPU
		{C68D2AF0-56ED-4D11-98F6-027E9D070712}.Debug|Any CPU.ActiveCfg = Debug|Any CPU
		{C68D2AF0-56ED-4D11-98F6-027E9D070712}.Debug|Any CPU.Build.0 = Debug|Any CPU
		{C68D2AF0-56ED-4D11-98F6-027E9D070712}.Release|Any CPU.ActiveCfg = Release|Any CPU
		{C68D2AF0-56ED-4D11-98F6-027E9D070712}.Release|Any CPU.Build.0 = Release|Any CPU
		{3801B41D-B7FE-4759-AFD7-4FFBDC86F011}.Debug|Any CPU.ActiveCfg = Debug|Any CPU
		{3801B41D-B7FE-4759-AFD7-4FFBDC86F011}.Debug|Any CPU.Build.0 = Debug|Any CPU
		{3801B41D-B7FE-4759-AFD7-4FFBDC86F011}.Release|Any CPU.ActiveCfg = Release|Any CPU
		{3801B41D-B7FE-4759-AFD7-4FFBDC86F011}.Release|Any CPU.Build.0 = Release|Any CPU
		{B6139601-E285-436E-8BA3-1998BBE37A98}.Debug|Any CPU.ActiveCfg = Debug|Any CPU
		{B6139601-E285-436E-8BA3-1998BBE37A98}.Debug|Any CPU.Build.0 = Debug|Any CPU
		{B6139601-E285-436E-8BA3-1998BBE37A98}.Release|Any CPU.ActiveCfg = Release|Any CPU
		{B6139601-E285-436E-8BA3-1998BBE37A98}.Release|Any CPU.Build.0 = Release|Any CPU
		{CEA9B8BC-73E7-4262-B989-B030B22E3BDA}.Debug|Any CPU.ActiveCfg = Debug|Any CPU
		{CEA9B8BC-73E7-4262-B989-B030B22E3BDA}.Debug|Any CPU.Build.0 = Debug|Any CPU
		{CEA9B8BC-73E7-4262-B989-B030B22E3BDA}.Release|Any CPU.ActiveCfg = Release|Any CPU
		{CEA9B8BC-73E7-4262-B989-B030B22E3BDA}.Release|Any CPU.Build.0 = Release|Any CPU
		{F9515923-19B9-45EA-B660-A31F37B401C9}.Debug|Any CPU.ActiveCfg = Debug|Any CPU
		{F9515923-19B9-45EA-B660-A31F37B401C9}.Debug|Any CPU.Build.0 = Debug|Any CPU
		{F9515923-19B9-45EA-B660-A31F37B401C9}.Release|Any CPU.ActiveCfg = Release|Any CPU
		{F9515923-19B9-45EA-B660-A31F37B401C9}.Release|Any CPU.Build.0 = Release|Any CPU
	EndGlobalSection
	GlobalSection(SolutionProperties) = preSolution
		HideSolutionNode = FALSE
	EndGlobalSection
EndGlobal
