
Microsoft Visual Studio Solution File, Format Version 12.00
# Visual Studio 14
VisualStudioVersion = 14.0.25420.1
MinimumVisualStudioVersion = 10.0.40219.1
Project("{FAE04EC0-301F-11D3-BF4B-00C04F79EFBC}") = "01_SayHello", "01_SayHello\01_SayHello.csproj", "{6DE2F57F-A32B-4927-B00E-DBE2C2AFDDF7}"
EndProject
Project("{FAE04EC0-301F-11D3-BF4B-00C04F79EFBC}") = "02_GetLargestNumber", "02_GetLargestNumber\02_GetLargestNumber.csproj", "{074867C3-C5AA-470F-AB2E-32D888613913}"
EndProject
Project("{FAE04EC0-301F-11D3-BF4B-00C04F79EFBC}") = "03_EnglishDigit", "03_EnglishDigit\03_EnglishDigit.csproj", "{ADDB3268-C3D8-4E16-BF05-09A1E8823528}"
EndProject
Global
	GlobalSection(SolutionConfigurationPlatforms) = preSolution
		Debug|Any CPU = Debug|Any CPU
		Release|Any CPU = Release|Any CPU
	EndGlobalSection
	GlobalSection(ProjectConfigurationPlatforms) = postSolution
		{6DE2F57F-A32B-4927-B00E-DBE2C2AFDDF7}.Debug|Any CPU.ActiveCfg = Debug|Any CPU
		{6DE2F57F-A32B-4927-B00E-DBE2C2AFDDF7}.Debug|Any CPU.Build.0 = Debug|Any CPU
		{6DE2F57F-A32B-4927-B00E-DBE2C2AFDDF7}.Release|Any CPU.ActiveCfg = Release|Any CPU
		{6DE2F57F-A32B-4927-B00E-DBE2C2AFDDF7}.Release|Any CPU.Build.0 = Release|Any CPU
		{074867C3-C5AA-470F-AB2E-32D888613913}.Debug|Any CPU.ActiveCfg = Debug|Any CPU
		{074867C3-C5AA-470F-AB2E-32D888613913}.Debug|Any CPU.Build.0 = Debug|Any CPU
		{074867C3-C5AA-470F-AB2E-32D888613913}.Release|Any CPU.ActiveCfg = Release|Any CPU
		{074867C3-C5AA-470F-AB2E-32D888613913}.Release|Any CPU.Build.0 = Release|Any CPU
		{ADDB3268-C3D8-4E16-BF05-09A1E8823528}.Debug|Any CPU.ActiveCfg = Debug|Any CPU
		{ADDB3268-C3D8-4E16-BF05-09A1E8823528}.Debug|Any CPU.Build.0 = Debug|Any CPU
		{ADDB3268-C3D8-4E16-BF05-09A1E8823528}.Release|Any CPU.ActiveCfg = Release|Any CPU
		{ADDB3268-C3D8-4E16-BF05-09A1E8823528}.Release|Any CPU.Build.0 = Release|Any CPU
	EndGlobalSection
	GlobalSection(SolutionProperties) = preSolution
		HideSolutionNode = FALSE
	EndGlobalSection
EndGlobal
