
Microsoft Visual Studio Solution File, Format Version 12.00
# Visual Studio 14
VisualStudioVersion = 14.0.25420.1
MinimumVisualStudioVersion = 10.0.40219.1
Project("{FAE04EC0-301F-11D3-BF4B-00C04F79EFBC}") = "01_LeapYear", "01_LeapYear\01_LeapYear.csproj", "{D68205CE-0F65-427C-81A0-3B270798C30C}"
EndProject
Project("{FAE04EC0-301F-11D3-BF4B-00C04F79EFBC}") = "02_RandomNumbers", "02_RandomNumbers\02_RandomNumbers.csproj", "{C09E390B-5873-4729-9C83-7CFBAB68E728}"
EndProject
Project("{FAE04EC0-301F-11D3-BF4B-00C04F79EFBC}") = "03_DayOfWeek", "03_DayOfWeek\03_DayOfWeek.csproj", "{0A757D04-695D-4718-8D83-621508F2C462}"
EndProject
Project("{FAE04EC0-301F-11D3-BF4B-00C04F79EFBC}") = "04_TriangleSurfaceBySideAndAltitude", "04_TriangleSurfaceBySideAndAltitude\04_TriangleSurfaceBySideAndAltitude.csproj", "{B4CF1B14-61DB-430C-AC86-1C2B6C62CD17}"
EndProject
Project("{FAE04EC0-301F-11D3-BF4B-00C04F79EFBC}") = "05_TriangleSurfaceByThreeSides", "05_TriangleSurfaceByThreeSides\05_TriangleSurfaceByThreeSides.csproj", "{87836888-1B5B-4787-B46B-A7BEBC64E216}"
EndProject
Project("{FAE04EC0-301F-11D3-BF4B-00C04F79EFBC}") = "06_TriangleSurfaceByTwo SidesAndAnAngle", "06_TriangleSurfaceByTwo SidesAndAnAngle\06_TriangleSurfaceByTwo SidesAndAnAngle.csproj", "{B1996946-F82B-442F-A2AA-A4E27CA63E82}"
EndProject
Global
	GlobalSection(SolutionConfigurationPlatforms) = preSolution
		Debug|Any CPU = Debug|Any CPU
		Release|Any CPU = Release|Any CPU
	EndGlobalSection
	GlobalSection(ProjectConfigurationPlatforms) = postSolution
		{D68205CE-0F65-427C-81A0-3B270798C30C}.Debug|Any CPU.ActiveCfg = Debug|Any CPU
		{D68205CE-0F65-427C-81A0-3B270798C30C}.Debug|Any CPU.Build.0 = Debug|Any CPU
		{D68205CE-0F65-427C-81A0-3B270798C30C}.Release|Any CPU.ActiveCfg = Release|Any CPU
		{D68205CE-0F65-427C-81A0-3B270798C30C}.Release|Any CPU.Build.0 = Release|Any CPU
		{C09E390B-5873-4729-9C83-7CFBAB68E728}.Debug|Any CPU.ActiveCfg = Debug|Any CPU
		{C09E390B-5873-4729-9C83-7CFBAB68E728}.Debug|Any CPU.Build.0 = Debug|Any CPU
		{C09E390B-5873-4729-9C83-7CFBAB68E728}.Release|Any CPU.ActiveCfg = Release|Any CPU
		{C09E390B-5873-4729-9C83-7CFBAB68E728}.Release|Any CPU.Build.0 = Release|Any CPU
		{0A757D04-695D-4718-8D83-621508F2C462}.Debug|Any CPU.ActiveCfg = Debug|Any CPU
		{0A757D04-695D-4718-8D83-621508F2C462}.Debug|Any CPU.Build.0 = Debug|Any CPU
		{0A757D04-695D-4718-8D83-621508F2C462}.Release|Any CPU.ActiveCfg = Release|Any CPU
		{0A757D04-695D-4718-8D83-621508F2C462}.Release|Any CPU.Build.0 = Release|Any CPU
		{B4CF1B14-61DB-430C-AC86-1C2B6C62CD17}.Debug|Any CPU.ActiveCfg = Debug|Any CPU
		{B4CF1B14-61DB-430C-AC86-1C2B6C62CD17}.Debug|Any CPU.Build.0 = Debug|Any CPU
		{B4CF1B14-61DB-430C-AC86-1C2B6C62CD17}.Release|Any CPU.ActiveCfg = Release|Any CPU
		{B4CF1B14-61DB-430C-AC86-1C2B6C62CD17}.Release|Any CPU.Build.0 = Release|Any CPU
		{87836888-1B5B-4787-B46B-A7BEBC64E216}.Debug|Any CPU.ActiveCfg = Debug|Any CPU
		{87836888-1B5B-4787-B46B-A7BEBC64E216}.Debug|Any CPU.Build.0 = Debug|Any CPU
		{87836888-1B5B-4787-B46B-A7BEBC64E216}.Release|Any CPU.ActiveCfg = Release|Any CPU
		{87836888-1B5B-4787-B46B-A7BEBC64E216}.Release|Any CPU.Build.0 = Release|Any CPU
		{B1996946-F82B-442F-A2AA-A4E27CA63E82}.Debug|Any CPU.ActiveCfg = Debug|Any CPU
		{B1996946-F82B-442F-A2AA-A4E27CA63E82}.Debug|Any CPU.Build.0 = Debug|Any CPU
		{B1996946-F82B-442F-A2AA-A4E27CA63E82}.Release|Any CPU.ActiveCfg = Release|Any CPU
		{B1996946-F82B-442F-A2AA-A4E27CA63E82}.Release|Any CPU.Build.0 = Release|Any CPU
	EndGlobalSection
	GlobalSection(SolutionProperties) = preSolution
		HideSolutionNode = FALSE
	EndGlobalSection
EndGlobal
